
Microsoft Visual Studio Solution File, Format Version 12.00
# Visual Studio Version 17
VisualStudioVersion = 17.2.32630.192
MinimumVisualStudioVersion = 10.0.40219.1
Project("{9A19103F-16F7-4668-BE54-9A1E7A4F7556}") = "Crud.Api", "WebApi\Crud.Api.csproj", "{EC4066A7-F92E-4524-8889-E9E8AD4CA78C}"
EndProject
Project("{FAE04EC0-301F-11D3-BF4B-00C04F79EFBC}") = "Crud.Api.Data", "Crud.Api.Data\Crud.Api.Data.csproj", "{25BBD117-199B-4C15-9CEB-406F754DC7F0}"
EndProject
Project("{FAE04EC0-301F-11D3-BF4B-00C04F79EFBC}") = "Crud.Api.Business", "Crud.Api.Business\Crud.Api.Business.csproj", "{86F5BA39-3B1F-4A8C-A8A2-57EBC199A7CC}"
EndProject
Global
	GlobalSection(SolutionConfigurationPlatforms) = preSolution
		Debug|Any CPU = Debug|Any CPU
		Release|Any CPU = Release|Any CPU
	EndGlobalSection
	GlobalSection(ProjectConfigurationPlatforms) = postSolution
		{EC4066A7-F92E-4524-8889-E9E8AD4CA78C}.Debug|Any CPU.ActiveCfg = Debug|Any CPU
		{EC4066A7-F92E-4524-8889-E9E8AD4CA78C}.Debug|Any CPU.Build.0 = Debug|Any CPU
		{EC4066A7-F92E-4524-8889-E9E8AD4CA78C}.Release|Any CPU.ActiveCfg = Release|Any CPU
		{EC4066A7-F92E-4524-8889-E9E8AD4CA78C}.Release|Any CPU.Build.0 = Release|Any CPU
		{25BBD117-199B-4C15-9CEB-406F754DC7F0}.Debug|Any CPU.ActiveCfg = Debug|Any CPU
		{25BBD117-199B-4C15-9CEB-406F754DC7F0}.Debug|Any CPU.Build.0 = Debug|Any CPU
		{25BBD117-199B-4C15-9CEB-406F754DC7F0}.Release|Any CPU.ActiveCfg = Release|Any CPU
		{25BBD117-199B-4C15-9CEB-406F754DC7F0}.Release|Any CPU.Build.0 = Release|Any CPU
		{86F5BA39-3B1F-4A8C-A8A2-57EBC199A7CC}.Debug|Any CPU.ActiveCfg = Debug|Any CPU
		{86F5BA39-3B1F-4A8C-A8A2-57EBC199A7CC}.Debug|Any CPU.Build.0 = Debug|Any CPU
		{86F5BA39-3B1F-4A8C-A8A2-57EBC199A7CC}.Release|Any CPU.ActiveCfg = Release|Any CPU
		{86F5BA39-3B1F-4A8C-A8A2-57EBC199A7CC}.Release|Any CPU.Build.0 = Release|Any CPU
	EndGlobalSection
	GlobalSection(SolutionProperties) = preSolution
		HideSolutionNode = FALSE
	EndGlobalSection
	GlobalSection(ExtensibilityGlobals) = postSolution
		SolutionGuid = {ED94394B-2802-4FD1-88E6-570A0653D557}
	EndGlobalSection
EndGlobal
